
Microsoft Visual Studio Solution File, Format Version 12.00
# Visual Studio 2012
Project("{f2a71f9b-5d33-465a-a702-920d77279786}") = "oneOhOne000", "oneOhOne000\oneOhOne000.fsproj", "{34B59316-8B4A-4F3B-BAEC-C08118927690}"
EndProject
Global
	GlobalSection(SolutionConfigurationPlatforms) = preSolution
		Debug|iPhoneSimulator = Debug|iPhoneSimulator
		Release|iPhoneSimulator = Release|iPhoneSimulator
		Debug|iPhone = Debug|iPhone
		Release|iPhone = Release|iPhone
		Ad-Hoc|iPhone = Ad-Hoc|iPhone
		AppStore|iPhone = AppStore|iPhone
	EndGlobalSection
	GlobalSection(ProjectConfigurationPlatforms) = postSolution
		{34B59316-8B4A-4F3B-BAEC-C08118927690}.Ad-Hoc|iPhone.ActiveCfg = Ad-Hoc|iPhone
		{34B59316-8B4A-4F3B-BAEC-C08118927690}.Ad-Hoc|iPhone.Build.0 = Ad-Hoc|iPhone
		{34B59316-8B4A-4F3B-BAEC-C08118927690}.AppStore|iPhone.ActiveCfg = AppStore|iPhone
		{34B59316-8B4A-4F3B-BAEC-C08118927690}.AppStore|iPhone.Build.0 = AppStore|iPhone
		{34B59316-8B4A-4F3B-BAEC-C08118927690}.Debug|iPhone.ActiveCfg = Debug|iPhone
		{34B59316-8B4A-4F3B-BAEC-C08118927690}.Debug|iPhone.Build.0 = Debug|iPhone
		{34B59316-8B4A-4F3B-BAEC-C08118927690}.Debug|iPhoneSimulator.ActiveCfg = Debug|iPhoneSimulator
		{34B59316-8B4A-4F3B-BAEC-C08118927690}.Debug|iPhoneSimulator.Build.0 = Debug|iPhoneSimulator
		{34B59316-8B4A-4F3B-BAEC-C08118927690}.Release|iPhone.ActiveCfg = Release|iPhone
		{34B59316-8B4A-4F3B-BAEC-C08118927690}.Release|iPhone.Build.0 = Release|iPhone
		{34B59316-8B4A-4F3B-BAEC-C08118927690}.Release|iPhoneSimulator.ActiveCfg = Release|iPhoneSimulator
		{34B59316-8B4A-4F3B-BAEC-C08118927690}.Release|iPhoneSimulator.Build.0 = Release|iPhoneSimulator
	EndGlobalSection
	GlobalSection(MonoDevelopProperties) = preSolution
		StartupItem = oneOhOne000\oneOhOne000.fsproj
	EndGlobalSection
EndGlobal
