// !$*UTF8*$!
{
	archiveVersion = 1;
	classes = {
	};
	objectVersion = 46;
	objects = {

/* Begin PBXBuildFile section */
		600F90A41A6F5D960065CEB5 /* AppDelegate.swift in Sources */ = {isa = PBXBuildFile; fileRef = 600F90A31A6F5D960065CEB5 /* AppDelegate.swift */; };
		600F90A61A6F5D960065CEB5 /* ViewController.swift in Sources */ = {isa = PBXBuildFile; fileRef = 600F90A51A6F5D960065CEB5 /* ViewController.swift */; };
		600F90A91A6F5D960065CEB5 /* Main.storyboard in Resources */ = {isa = PBXBuildFile; fileRef = 600F90A71A6F5D960065CEB5 /* Main.storyboard */; };
		600F90AB1A6F5D960065CEB5 /* Images.xcassets in Resources */ = {isa = PBXBuildFile; fileRef = 600F90AA1A6F5D960065CEB5 /* Images.xcassets */; };
		600F90AE1A6F5D960065CEB5 /* LaunchScreen.xib in Resources */ = {isa = PBXBuildFile; fileRef = 600F90AC1A6F5D960065CEB5 /* LaunchScreen.xib */; };
		600F90BA1A6F5D970065CEB5 /* stormyWeatherTests.swift in Sources */ = {isa = PBXBuildFile; fileRef = 600F90B91A6F5D970065CEB5 /* stormyWeatherTests.swift */; };
/* End PBXBuildFile section */

/* Begin PBXContainerItemProxy section */
		600F90B41A6F5D960065CEB5 /* PBXContainerItemProxy */ = {
			isa = PBXContainerItemProxy;
			containerPortal = 600F90961A6F5D950065CEB5 /* Project object */;
			proxyType = 1;
			remoteGlobalIDString = 600F909D1A6F5D950065CEB5;
			remoteInfo = stormyWeather;
		};
/* End PBXContainerItemProxy section */

/* Begin PBXFileReference section */
		600F909E1A6F5D950065CEB5 /* stormyWeather.app */ = {isa = PBXFileReference; explicitFileType = wrapper.application; includeInIndex = 0; path = stormyWeather.app; sourceTree = BUILT_PRODUCTS_DIR; };
		600F90A21A6F5D960065CEB5 /* Info.plist */ = {isa = PBXFileReference; lastKnownFileType = text.plist.xml; path = Info.plist; sourceTree = "<group>"; };
		600F90A31A6F5D960065CEB5 /* AppDelegate.swift */ = {isa = PBXFileReference; lastKnownFileType = sourcecode.swift; path = AppDelegate.swift; sourceTree = "<group>"; };
		600F90A51A6F5D960065CEB5 /* ViewController.swift */ = {isa = PBXFileReference; lastKnownFileType = sourcecode.swift; path = ViewController.swift; sourceTree = "<group>"; };
		600F90A81A6F5D960065CEB5 /* Base */ = {isa = PBXFileReference; lastKnownFileType = file.storyboard; name = Base; path = Base.lproj/Main.storyboard; sourceTree = "<group>"; };
		600F90AA1A6F5D960065CEB5 /* Images.xcassets */ = {isa = PBXFileReference; lastKnownFileType = folder.assetcatalog; path = Images.xcassets; sourceTree = "<group>"; };
		600F90AD1A6F5D960065CEB5 /* Base */ = {isa = PBXFileReference; lastKnownFileType = file.xib; name = Base; path = Base.lproj/LaunchScreen.xib; sourceTree = "<group>"; };
		600F90B31A6F5D960065CEB5 /* stormyWeatherTests.xctest */ = {isa = PBXFileReference; explicitFileType = wrapper.cfbundle; includeInIndex = 0; path = stormyWeatherTests.xctest; sourceTree = BUILT_PRODUCTS_DIR; };
		600F90B81A6F5D970065CEB5 /* Info.plist */ = {isa = PBXFileReference; lastKnownFileType = text.plist.xml; path = Info.plist; sourceTree = "<group>"; };
		600F90B91A6F5D970065CEB5 /* stormyWeatherTests.swift */ = {isa = PBXFileReference; lastKnownFileType = sourcecode.swift; path = stormyWeatherTests.swift; sourceTree = "<group>"; };
		6046F3801A74AD7400B40B69 /* 000.playground */ = {isa = PBXFileReference; lastKnownFileType = file.playground; path = 000.playground; sourceTree = "<group>"; };
/* End PBXFileReference section */

/* Begin PBXFrameworksBuildPhase section */
		600F909B1A6F5D950065CEB5 /* Frameworks */ = {
			isa = PBXFrameworksBuildPhase;
			buildActionMask = 2147483647;
			files = (
			);
			runOnlyForDeploymentPostprocessing = 0;
		};
		600F90B01A6F5D960065CEB5 /* Frameworks */ = {
			isa = PBXFrameworksBuildPhase;
			buildActionMask = 2147483647;
			files = (
			);
			runOnlyForDeploymentPostprocessing = 0;
		};
/* End PBXFrameworksBuildPhase section */

/* Begin PBXGroup section */
		600F90951A6F5D950065CEB5 = {
			isa = PBXGroup;
			children = (
				600F90A01A6F5D950065CEB5 /* stormyWeather */,
				600F90B61A6F5D960065CEB5 /* stormyWeatherTests */,
				600F909F1A6F5D950065CEB5 /* Products */,
			);
			sourceTree = "<group>";
		};
		600F909F1A6F5D950065CEB5 /* Products */ = {
			isa = PBXGroup;
			children = (
				600F909E1A6F5D950065CEB5 /* stormyWeather.app */,
				600F90B31A6F5D960065CEB5 /* stormyWeatherTests.xctest */,
			);
			name = Products;
			sourceTree = "<group>";
		};
		600F90A01A6F5D950065CEB5 /* stormyWeather */ = {
			isa = PBXGroup;
			children = (
				600F90A31A6F5D960065CEB5 /* AppDelegate.swift */,
				600F90A51A6F5D960065CEB5 /* ViewController.swift */,
				600F90A71A6F5D960065CEB5 /* Main.storyboard */,
				600F90AA1A6F5D960065CEB5 /* Images.xcassets */,
				600F90AC1A6F5D960065CEB5 /* LaunchScreen.xib */,
				600F90A11A6F5D950065CEB5 /* Supporting Files */,
				6046F3801A74AD7400B40B69 /* 000.playground */,
			);
			path = stormyWeather;
			sourceTree = "<group>";
		};
		600F90A11A6F5D950065CEB5 /* Supporting Files */ = {
			isa = PBXGroup;
			children = (
				600F90A21A6F5D960065CEB5 /* Info.plist */,
			);
			name = "Supporting Files";
			sourceTree = "<group>";
		};
		600F90B61A6F5D960065CEB5 /* stormyWeatherTests */ = {
			isa = PBXGroup;
			children = (
				600F90B91A6F5D970065CEB5 /* stormyWeatherTests.swift */,
				600F90B71A6F5D970065CEB5 /* Supporting Files */,
			);
			path = stormyWeatherTests;
			sourceTree = "<group>";
		};
		600F90B71A6F5D970065CEB5 /* Supporting Files */ = {
			isa = PBXGroup;
			children = (
				600F90B81A6F5D970065CEB5 /* Info.plist */,
			);
			name = "Supporting Files";
			sourceTree = "<group>";
		};
/* End PBXGroup section */

/* Begin PBXNativeTarget section */
		600F909D1A6F5D950065CEB5 /* stormyWeather */ = {
			isa = PBXNativeTarget;
			buildConfigurationList = 600F90BD1A6F5D970065CEB5 /* Build configuration list for PBXNativeTarget "stormyWeather" */;
			buildPhases = (
				600F909A1A6F5D950065CEB5 /* Sources */,
				600F909B1A6F5D950065CEB5 /* Frameworks */,
				600F909C1A6F5D950065CEB5 /* Resources */,
			);
			buildRules = (
			);
			dependencies = (
			);
			name = stormyWeather;
			productName = stormyWeather;
			productReference = 600F909E1A6F5D950065CEB5 /* stormyWeather.app */;
			productType = "com.apple.product-type.application";
		};
		600F90B21A6F5D960065CEB5 /* stormyWeatherTests */ = {
			isa = PBXNativeTarget;
			buildConfigurationList = 600F90C01A6F5D970065CEB5 /* Build configuration list for PBXNativeTarget "stormyWeatherTests" */;
			buildPhases = (
				600F90AF1A6F5D960065CEB5 /* Sources */,
				600F90B01A6F5D960065CEB5 /* Frameworks */,
				600F90B11A6F5D960065CEB5 /* Resources */,
			);
			buildRules = (
			);
			dependencies = (
				600F90B51A6F5D960065CEB5 /* PBXTargetDependency */,
			);
			name = stormyWeatherTests;
			productName = stormyWeatherTests;
			productReference = 600F90B31A6F5D960065CEB5 /* stormyWeatherTests.xctest */;
			productType = "com.apple.product-type.bundle.unit-test";
		};
/* End PBXNativeTarget section */

/* Begin PBXProject section */
		600F90961A6F5D950065CEB5 /* Project object */ = {
			isa = PBXProject;
			attributes = {
				LastUpgradeCheck = 0610;
				ORGANIZATIONNAME = Phunctor.com;
				TargetAttributes = {
					600F909D1A6F5D950065CEB5 = {
						CreatedOnToolsVersion = 6.1.1;
					};
					600F90B21A6F5D960065CEB5 = {
						CreatedOnToolsVersion = 6.1.1;
						TestTargetID = 600F909D1A6F5D950065CEB5;
					};
				};
			};
			buildConfigurationList = 600F90991A6F5D950065CEB5 /* Build configuration list for PBXProject "stormyWeather" */;
			compatibilityVersion = "Xcode 3.2";
			developmentRegion = English;
			hasScannedForEncodings = 0;
			knownRegions = (
				en,
				Base,
			);
			mainGroup = 600F90951A6F5D950065CEB5;
			productRefGroup = 600F909F1A6F5D950065CEB5 /* Products */;
			projectDirPath = "";
			projectRoot = "";
			targets = (
				600F909D1A6F5D950065CEB5 /* stormyWeather */,
				600F90B21A6F5D960065CEB5 /* stormyWeatherTests */,
			);
		};
/* End PBXProject section */

/* Begin PBXResourcesBuildPhase section */
		600F909C1A6F5D950065CEB5 /* Resources */ = {
			isa = PBXResourcesBuildPhase;
			buildActionMask = 2147483647;
			files = (
				600F90A91A6F5D960065CEB5 /* Main.storyboard in Resources */,
				600F90AE1A6F5D960065CEB5 /* LaunchScreen.xib in Resources */,
				600F90AB1A6F5D960065CEB5 /* Images.xcassets in Resources */,
			);
			runOnlyForDeploymentPostprocessing = 0;
		};
		600F90B11A6F5D960065CEB5 /* Resources */ = {
			isa = PBXResourcesBuildPhase;
			buildActionMask = 2147483647;
			files = (
			);
			runOnlyForDeploymentPostprocessing = 0;
		};
/* End PBXResourcesBuildPhase section */

/* Begin PBXSourcesBuildPhase section */
		600F909A1A6F5D950065CEB5 /* Sources */ = {
			isa = PBXSourcesBuildPhase;
			buildActionMask = 2147483647;
			files = (
				600F90A61A6F5D960065CEB5 /* ViewController.swift in Sources */,
				600F90A41A6F5D960065CEB5 /* AppDelegate.swift in Sources */,
			);
			runOnlyForDeploymentPostprocessing = 0;
		};
		600F90AF1A6F5D960065CEB5 /* Sources */ = {
			isa = PBXSourcesBuildPhase;
			buildActionMask = 2147483647;
			files = (
				600F90BA1A6F5D970065CEB5 /* stormyWeatherTests.swift in Sources */,
			);
			runOnlyForDeploymentPostprocessing = 0;
		};
/* End PBXSourcesBuildPhase section */

/* Begin PBXTargetDependency section */
		600F90B51A6F5D960065CEB5 /* PBXTargetDependency */ = {
			isa = PBXTargetDependency;
			target = 600F909D1A6F5D950065CEB5 /* stormyWeather */;
			targetProxy = 600F90B41A6F5D960065CEB5 /* PBXContainerItemProxy */;
		};
/* End PBXTargetDependency section */

/* Begin PBXVariantGroup section */
		600F90A71A6F5D960065CEB5 /* Main.storyboard */ = {
			isa = PBXVariantGroup;
			children = (
				600F90A81A6F5D960065CEB5 /* Base */,
			);
			name = Main.storyboard;
			sourceTree = "<group>";
		};
		600F90AC1A6F5D960065CEB5 /* LaunchScreen.xib */ = {
			isa = PBXVariantGroup;
			children = (
				600F90AD1A6F5D960065CEB5 /* Base */,
			);
			name = LaunchScreen.xib;
			sourceTree = "<group>";
		};
/* End PBXVariantGroup section */

/* Begin XCBuildConfiguration section */
		600F90BB1A6F5D970065CEB5 /* Debug */ = {
			isa = XCBuildConfiguration;
			buildSettings = {
				ALWAYS_SEARCH_USER_PATHS = NO;
				CLANG_CXX_LANGUAGE_STANDARD = "gnu++0x";
				CLANG_CXX_LIBRARY = "libc++";
				CLANG_ENABLE_MODULES = YES;
				CLANG_ENABLE_OBJC_ARC = YES;
				CLANG_WARN_BOOL_CONVERSION = YES;
				CLANG_WARN_CONSTANT_CONVERSION = YES;
				CLANG_WARN_DIRECT_OBJC_ISA_USAGE = YES_ERROR;
				CLANG_WARN_EMPTY_BODY = YES;
				CLANG_WARN_ENUM_CONVERSION = YES;
				CLANG_WARN_INT_CONVERSION = YES;
				CLANG_WARN_OBJC_ROOT_CLASS = YES_ERROR;
				CLANG_WARN_UNREACHABLE_CODE = YES;
				CLANG_WARN__DUPLICATE_METHOD_MATCH = YES;
				"CODE_SIGN_IDENTITY[sdk=iphoneos*]" = "iPhone Developer";
				COPY_PHASE_STRIP = NO;
				ENABLE_STRICT_OBJC_MSGSEND = YES;
				GCC_C_LANGUAGE_STANDARD = gnu99;
				GCC_DYNAMIC_NO_PIC = NO;
				GCC_OPTIMIZATION_LEVEL = 0;
				GCC_PREPROCESSOR_DEFINITIONS = (
					"DEBUG=1",
					"$(inherited)",
				);
				GCC_SYMBOLS_PRIVATE_EXTERN = NO;
				GCC_WARN_64_TO_32_BIT_CONVERSION = YES;
				GCC_WARN_ABOUT_RETURN_TYPE = YES_ERROR;
				GCC_WARN_UNDECLARED_SELECTOR = YES;
				GCC_WARN_UNINITIALIZED_AUTOS = YES_AGGRESSIVE;
				GCC_WARN_UNUSED_FUNCTION = YES;
				GCC_WARN_UNUSED_VARIABLE = YES;
				IPHONEOS_DEPLOYMENT_TARGET = 8.1;
				MTL_ENABLE_DEBUG_INFO = YES;
				ONLY_ACTIVE_ARCH = YES;
				SDKROOT = iphoneos;
				SWIFT_OPTIMIZATION_LEVEL = "-Onone";
			};
			name = Debug;
		};
		600F90BC1A6F5D970065CEB5 /* Release */ = {
			isa = XCBuildConfiguration;
			buildSettings = {
				ALWAYS_SEARCH_USER_PATHS = NO;
				CLANG_CXX_LANGUAGE_STANDARD = "gnu++0x";
				CLANG_CXX_LIBRARY = "libc++";
				CLANG_ENABLE_MODULES = YES;
				CLANG_ENABLE_OBJC_ARC = YES;
				CLANG_WARN_BOOL_CONVERSION = YES;
				CLANG_WARN_CONSTANT_CONVERSION = YES;
				CLANG_WARN_DIRECT_OBJC_ISA_USAGE = YES_ERROR;
				CLANG_WARN_EMPTY_BODY = YES;
				CLANG_WARN_ENUM_CONVERSION = YES;
				CLANG_WARN_INT_CONVERSION = YES;
				CLANG_WARN_OBJC_ROOT_CLASS = YES_ERROR;
				CLANG_WARN_UNREACHABLE_CODE = YES;
				CLANG_WARN__DUPLICATE_METHOD_MATCH = YES;
				"CODE_SIGN_IDENTITY[sdk=iphoneos*]" = "iPhone Developer";
				COPY_PHASE_STRIP = YES;
				ENABLE_NS_ASSERTIONS = NO;
				ENABLE_STRICT_OBJC_MSGSEND = YES;
				GCC_C_LANGUAGE_STANDARD = gnu99;
				GCC_WARN_64_TO_32_BIT_CONVERSION = YES;
				GCC_WARN_ABOUT_RETURN_TYPE = YES_ERROR;
				GCC_WARN_UNDECLARED_SELECTOR = YES;
				GCC_WARN_UNINITIALIZED_AUTOS = YES_AGGRESSIVE;
				GCC_WARN_UNUSED_FUNCTION = YES;
				GCC_WARN_UNUSED_VARIABLE = YES;
				IPHONEOS_DEPLOYMENT_TARGET = 8.1;
				MTL_ENABLE_DEBUG_INFO = NO;
				SDKROOT = iphoneos;
				VALIDATE_PRODUCT = YES;
			};
			name = Release;
		};
		600F90BE1A6F5D970065CEB5 /* Debug */ = {
			isa = XCBuildConfiguration;
			buildSettings = {
				ASSETCATALOG_COMPILER_APPICON_NAME = AppIcon;
				INFOPLIST_FILE = stormyWeather/Info.plist;
				LD_RUNPATH_SEARCH_PATHS = "$(inherited) @executable_path/Frameworks";
				PRODUCT_NAME = "$(TARGET_NAME)";
			};
			name = Debug;
		};
		600F90BF1A6F5D970065CEB5 /* Release */ = {
			isa = XCBuildConfiguration;
			buildSettings = {
				ASSETCATALOG_COMPILER_APPICON_NAME = AppIcon;
				INFOPLIST_FILE = stormyWeather/Info.plist;
				LD_RUNPATH_SEARCH_PATHS = "$(inherited) @executable_path/Frameworks";
				PRODUCT_NAME = "$(TARGET_NAME)";
			};
			name = Release;
		};
		600F90C11A6F5D970065CEB5 /* Debug */ = {
			isa = XCBuildConfiguration;
			buildSettings = {
				BUNDLE_LOADER = "$(TEST_HOST)";
				FRAMEWORK_SEARCH_PATHS = (
					"$(SDKROOT)/Developer/Library/Frameworks",
					"$(inherited)",
				);
				GCC_PREPROCESSOR_DEFINITIONS = (
					"DEBUG=1",
					"$(inherited)",
				);
				INFOPLIST_FILE = stormyWeatherTests/Info.plist;
				LD_RUNPATH_SEARCH_PATHS = "$(inherited) @executable_path/Frameworks @loader_path/Frameworks";
				PRODUCT_NAME = "$(TARGET_NAME)";
				TEST_HOST = "$(BUILT_PRODUCTS_DIR)/stormyWeather.app/stormyWeather";
			};
			name = Debug;
		};
		600F90C21A6F5D970065CEB5 /* Release */ = {
			isa = XCBuildConfiguration;
			buildSettings = {
				BUNDLE_LOADER = "$(TEST_HOST)";
				FRAMEWORK_SEARCH_PATHS = (
					"$(SDKROOT)/Developer/Library/Frameworks",
					"$(inherited)",
				);
				INFOPLIST_FILE = stormyWeatherTests/Info.plist;
				LD_RUNPATH_SEARCH_PATHS = "$(inherited) @executable_path/Frameworks @loader_path/Frameworks";
				PRODUCT_NAME = "$(TARGET_NAME)";
				TEST_HOST = "$(BUILT_PRODUCTS_DIR)/stormyWeather.app/stormyWeather";
			};
			name = Release;
		};
/* End XCBuildConfiguration section */

/* Begin XCConfigurationList section */
		600F90991A6F5D950065CEB5 /* Build configuration list for PBXProject "stormyWeather" */ = {
			isa = XCConfigurationList;
			buildConfigurations = (
				600F90BB1A6F5D970065CEB5 /* Debug */,
				600F90BC1A6F5D970065CEB5 /* Release */,
			);
			defaultConfigurationIsVisible = 0;
			defaultConfigurationName = Release;
		};
		600F90BD1A6F5D970065CEB5 /* Build configuration list for PBXNativeTarget "stormyWeather" */ = {
			isa = XCConfigurationList;
			buildConfigurations = (
				600F90BE1A6F5D970065CEB5 /* Debug */,
				600F90BF1A6F5D970065CEB5 /* Release */,
			);
			defaultConfigurationIsVisible = 0;
			defaultConfigurationName = Release;
		};
		600F90C01A6F5D970065CEB5 /* Build configuration list for PBXNativeTarget "stormyWeatherTests" */ = {
			isa = XCConfigurationList;
			buildConfigurations = (
				600F90C11A6F5D970065CEB5 /* Debug */,
				600F90C21A6F5D970065CEB5 /* Release */,
			);
			defaultConfigurationIsVisible = 0;
			defaultConfigurationName = Release;
		};
/* End XCConfigurationList section */
	};
	rootObject = 600F90961A6F5D950065CEB5 /* Project object */;
}
