// !$*UTF8*$!
{
	archiveVersion = 1;
	classes = {
	};
	objectVersion = 46;
	objects = {

/* Begin PBXBuildFile section */
		6051CFED19FA504E001FA0A2 /* FactBook.swift in Sources */ = {isa = PBXBuildFile; fileRef = 6051CFEC19FA504E001FA0A2 /* FactBook.swift */; };
		60C55A9319F79C84006C1D7A /* AppDelegate.swift in Sources */ = {isa = PBXBuildFile; fileRef = 60C55A9219F79C84006C1D7A /* AppDelegate.swift */; };
		60C55A9519F79C84006C1D7A /* ViewController.swift in Sources */ = {isa = PBXBuildFile; fileRef = 60C55A9419F79C84006C1D7A /* ViewController.swift */; };
		60C55A9819F79C84006C1D7A /* Main.storyboard in Resources */ = {isa = PBXBuildFile; fileRef = 60C55A9619F79C84006C1D7A /* Main.storyboard */; };
		60C55A9A19F79C84006C1D7A /* Images.xcassets in Resources */ = {isa = PBXBuildFile; fileRef = 60C55A9919F79C84006C1D7A /* Images.xcassets */; };
		60C55A9D19F79C84006C1D7A /* LaunchScreen.xib in Resources */ = {isa = PBXBuildFile; fileRef = 60C55A9B19F79C84006C1D7A /* LaunchScreen.xib */; };
		60C55AA919F79C84006C1D7A /* funcFactsTests.swift in Sources */ = {isa = PBXBuildFile; fileRef = 60C55AA819F79C84006C1D7A /* funcFactsTests.swift */; };
/* End PBXBuildFile section */

/* Begin PBXContainerItemProxy section */
		60C55AA319F79C84006C1D7A /* PBXContainerItemProxy */ = {
			isa = PBXContainerItemProxy;
			containerPortal = 60C55A8519F79C84006C1D7A /* Project object */;
			proxyType = 1;
			remoteGlobalIDString = 60C55A8C19F79C84006C1D7A;
			remoteInfo = funcFacts;
		};
/* End PBXContainerItemProxy section */

/* Begin PBXFileReference section */
		6051CFEC19FA504E001FA0A2 /* FactBook.swift */ = {isa = PBXFileReference; fileEncoding = 4; lastKnownFileType = sourcecode.swift; path = FactBook.swift; sourceTree = "<group>"; };
		60C55A8D19F79C84006C1D7A /* funcFacts.app */ = {isa = PBXFileReference; explicitFileType = wrapper.application; includeInIndex = 0; path = funcFacts.app; sourceTree = BUILT_PRODUCTS_DIR; };
		60C55A9119F79C84006C1D7A /* Info.plist */ = {isa = PBXFileReference; lastKnownFileType = text.plist.xml; path = Info.plist; sourceTree = "<group>"; };
		60C55A9219F79C84006C1D7A /* AppDelegate.swift */ = {isa = PBXFileReference; lastKnownFileType = sourcecode.swift; path = AppDelegate.swift; sourceTree = "<group>"; };
		60C55A9419F79C84006C1D7A /* ViewController.swift */ = {isa = PBXFileReference; lastKnownFileType = sourcecode.swift; path = ViewController.swift; sourceTree = "<group>"; };
		60C55A9719F79C84006C1D7A /* Base */ = {isa = PBXFileReference; lastKnownFileType = file.storyboard; name = Base; path = Base.lproj/Main.storyboard; sourceTree = "<group>"; };
		60C55A9919F79C84006C1D7A /* Images.xcassets */ = {isa = PBXFileReference; lastKnownFileType = folder.assetcatalog; path = Images.xcassets; sourceTree = "<group>"; };
		60C55A9C19F79C84006C1D7A /* Base */ = {isa = PBXFileReference; lastKnownFileType = file.xib; name = Base; path = Base.lproj/LaunchScreen.xib; sourceTree = "<group>"; };
		60C55AA219F79C84006C1D7A /* funcFactsTests.xctest */ = {isa = PBXFileReference; explicitFileType = wrapper.cfbundle; includeInIndex = 0; path = funcFactsTests.xctest; sourceTree = BUILT_PRODUCTS_DIR; };
		60C55AA719F79C84006C1D7A /* Info.plist */ = {isa = PBXFileReference; lastKnownFileType = text.plist.xml; path = Info.plist; sourceTree = "<group>"; };
		60C55AA819F79C84006C1D7A /* funcFactsTests.swift */ = {isa = PBXFileReference; lastKnownFileType = sourcecode.swift; path = funcFactsTests.swift; sourceTree = "<group>"; };
		60C55AB219F79DA1006C1D7A /* scratch000.playground */ = {isa = PBXFileReference; lastKnownFileType = file.playground; name = scratch000.playground; path = funcFacts/scratch000.playground; sourceTree = "<group>"; };
/* End PBXFileReference section */

/* Begin PBXFrameworksBuildPhase section */
		60C55A8A19F79C84006C1D7A /* Frameworks */ = {
			isa = PBXFrameworksBuildPhase;
			buildActionMask = 2147483647;
			files = (
			);
			runOnlyForDeploymentPostprocessing = 0;
		};
		60C55A9F19F79C84006C1D7A /* Frameworks */ = {
			isa = PBXFrameworksBuildPhase;
			buildActionMask = 2147483647;
			files = (
			);
			runOnlyForDeploymentPostprocessing = 0;
		};
/* End PBXFrameworksBuildPhase section */

/* Begin PBXGroup section */
		60C55A8419F79C84006C1D7A = {
			isa = PBXGroup;
			children = (
				60C55A8F19F79C84006C1D7A /* funcFacts */,
				60C55AA519F79C84006C1D7A /* funcFactsTests */,
				60C55A8E19F79C84006C1D7A /* Products */,
			);
			sourceTree = "<group>";
		};
		60C55A8E19F79C84006C1D7A /* Products */ = {
			isa = PBXGroup;
			children = (
				60C55A8D19F79C84006C1D7A /* funcFacts.app */,
				60C55AA219F79C84006C1D7A /* funcFactsTests.xctest */,
			);
			name = Products;
			sourceTree = "<group>";
		};
		60C55A8F19F79C84006C1D7A /* funcFacts */ = {
			isa = PBXGroup;
			children = (
				6051CFEC19FA504E001FA0A2 /* FactBook.swift */,
				60C55A9219F79C84006C1D7A /* AppDelegate.swift */,
				60C55A9419F79C84006C1D7A /* ViewController.swift */,
				60C55A9619F79C84006C1D7A /* Main.storyboard */,
				60C55A9919F79C84006C1D7A /* Images.xcassets */,
				60C55A9B19F79C84006C1D7A /* LaunchScreen.xib */,
				60C55A9019F79C84006C1D7A /* Supporting Files */,
				60C55AB319F79DD8006C1D7A /* PlayGrounds */,
			);
			path = funcFacts;
			sourceTree = "<group>";
		};
		60C55A9019F79C84006C1D7A /* Supporting Files */ = {
			isa = PBXGroup;
			children = (
				60C55A9119F79C84006C1D7A /* Info.plist */,
			);
			name = "Supporting Files";
			sourceTree = "<group>";
		};
		60C55AA519F79C84006C1D7A /* funcFactsTests */ = {
			isa = PBXGroup;
			children = (
				60C55AA819F79C84006C1D7A /* funcFactsTests.swift */,
				60C55AA619F79C84006C1D7A /* Supporting Files */,
			);
			path = funcFactsTests;
			sourceTree = "<group>";
		};
		60C55AA619F79C84006C1D7A /* Supporting Files */ = {
			isa = PBXGroup;
			children = (
				60C55AA719F79C84006C1D7A /* Info.plist */,
			);
			name = "Supporting Files";
			sourceTree = "<group>";
		};
		60C55AB319F79DD8006C1D7A /* PlayGrounds */ = {
			isa = PBXGroup;
			children = (
				60C55AB219F79DA1006C1D7A /* scratch000.playground */,
			);
			name = PlayGrounds;
			path = ..;
			sourceTree = "<group>";
		};
/* End PBXGroup section */

/* Begin PBXNativeTarget section */
		60C55A8C19F79C84006C1D7A /* funcFacts */ = {
			isa = PBXNativeTarget;
			buildConfigurationList = 60C55AAC19F79C84006C1D7A /* Build configuration list for PBXNativeTarget "funcFacts" */;
			buildPhases = (
				60C55A8919F79C84006C1D7A /* Sources */,
				60C55A8A19F79C84006C1D7A /* Frameworks */,
				60C55A8B19F79C84006C1D7A /* Resources */,
			);
			buildRules = (
			);
			dependencies = (
			);
			name = funcFacts;
			productName = funcFacts;
			productReference = 60C55A8D19F79C84006C1D7A /* funcFacts.app */;
			productType = "com.apple.product-type.application";
		};
		60C55AA119F79C84006C1D7A /* funcFactsTests */ = {
			isa = PBXNativeTarget;
			buildConfigurationList = 60C55AAF19F79C84006C1D7A /* Build configuration list for PBXNativeTarget "funcFactsTests" */;
			buildPhases = (
				60C55A9E19F79C84006C1D7A /* Sources */,
				60C55A9F19F79C84006C1D7A /* Frameworks */,
				60C55AA019F79C84006C1D7A /* Resources */,
			);
			buildRules = (
			);
			dependencies = (
				60C55AA419F79C84006C1D7A /* PBXTargetDependency */,
			);
			name = funcFactsTests;
			productName = funcFactsTests;
			productReference = 60C55AA219F79C84006C1D7A /* funcFactsTests.xctest */;
			productType = "com.apple.product-type.bundle.unit-test";
		};
/* End PBXNativeTarget section */

/* Begin PBXProject section */
		60C55A8519F79C84006C1D7A /* Project object */ = {
			isa = PBXProject;
			attributes = {
				LastUpgradeCheck = 0600;
				ORGANIZATIONNAME = evxyz001;
				TargetAttributes = {
					60C55A8C19F79C84006C1D7A = {
						CreatedOnToolsVersion = 6.0.1;
					};
					60C55AA119F79C84006C1D7A = {
						CreatedOnToolsVersion = 6.0.1;
						TestTargetID = 60C55A8C19F79C84006C1D7A;
					};
				};
			};
			buildConfigurationList = 60C55A8819F79C84006C1D7A /* Build configuration list for PBXProject "funcFacts" */;
			compatibilityVersion = "Xcode 3.2";
			developmentRegion = English;
			hasScannedForEncodings = 0;
			knownRegions = (
				en,
				Base,
			);
			mainGroup = 60C55A8419F79C84006C1D7A;
			productRefGroup = 60C55A8E19F79C84006C1D7A /* Products */;
			projectDirPath = "";
			projectRoot = "";
			targets = (
				60C55A8C19F79C84006C1D7A /* funcFacts */,
				60C55AA119F79C84006C1D7A /* funcFactsTests */,
			);
		};
/* End PBXProject section */

/* Begin PBXResourcesBuildPhase section */
		60C55A8B19F79C84006C1D7A /* Resources */ = {
			isa = PBXResourcesBuildPhase;
			buildActionMask = 2147483647;
			files = (
				60C55A9819F79C84006C1D7A /* Main.storyboard in Resources */,
				60C55A9D19F79C84006C1D7A /* LaunchScreen.xib in Resources */,
				60C55A9A19F79C84006C1D7A /* Images.xcassets in Resources */,
			);
			runOnlyForDeploymentPostprocessing = 0;
		};
		60C55AA019F79C84006C1D7A /* Resources */ = {
			isa = PBXResourcesBuildPhase;
			buildActionMask = 2147483647;
			files = (
			);
			runOnlyForDeploymentPostprocessing = 0;
		};
/* End PBXResourcesBuildPhase section */

/* Begin PBXSourcesBuildPhase section */
		60C55A8919F79C84006C1D7A /* Sources */ = {
			isa = PBXSourcesBuildPhase;
			buildActionMask = 2147483647;
			files = (
				6051CFED19FA504E001FA0A2 /* FactBook.swift in Sources */,
				60C55A9519F79C84006C1D7A /* ViewController.swift in Sources */,
				60C55A9319F79C84006C1D7A /* AppDelegate.swift in Sources */,
			);
			runOnlyForDeploymentPostprocessing = 0;
		};
		60C55A9E19F79C84006C1D7A /* Sources */ = {
			isa = PBXSourcesBuildPhase;
			buildActionMask = 2147483647;
			files = (
				60C55AA919F79C84006C1D7A /* funcFactsTests.swift in Sources */,
			);
			runOnlyForDeploymentPostprocessing = 0;
		};
/* End PBXSourcesBuildPhase section */

/* Begin PBXTargetDependency section */
		60C55AA419F79C84006C1D7A /* PBXTargetDependency */ = {
			isa = PBXTargetDependency;
			target = 60C55A8C19F79C84006C1D7A /* funcFacts */;
			targetProxy = 60C55AA319F79C84006C1D7A /* PBXContainerItemProxy */;
		};
/* End PBXTargetDependency section */

/* Begin PBXVariantGroup section */
		60C55A9619F79C84006C1D7A /* Main.storyboard */ = {
			isa = PBXVariantGroup;
			children = (
				60C55A9719F79C84006C1D7A /* Base */,
			);
			name = Main.storyboard;
			sourceTree = "<group>";
		};
		60C55A9B19F79C84006C1D7A /* LaunchScreen.xib */ = {
			isa = PBXVariantGroup;
			children = (
				60C55A9C19F79C84006C1D7A /* Base */,
			);
			name = LaunchScreen.xib;
			sourceTree = "<group>";
		};
/* End PBXVariantGroup section */

/* Begin XCBuildConfiguration section */
		60C55AAA19F79C84006C1D7A /* Debug */ = {
			isa = XCBuildConfiguration;
			buildSettings = {
				ALWAYS_SEARCH_USER_PATHS = NO;
				CLANG_CXX_LANGUAGE_STANDARD = "gnu++0x";
				CLANG_CXX_LIBRARY = "libc++";
				CLANG_ENABLE_MODULES = YES;
				CLANG_ENABLE_OBJC_ARC = YES;
				CLANG_WARN_BOOL_CONVERSION = YES;
				CLANG_WARN_CONSTANT_CONVERSION = YES;
				CLANG_WARN_DIRECT_OBJC_ISA_USAGE = YES_ERROR;
				CLANG_WARN_EMPTY_BODY = YES;
				CLANG_WARN_ENUM_CONVERSION = YES;
				CLANG_WARN_INT_CONVERSION = YES;
				CLANG_WARN_OBJC_ROOT_CLASS = YES_ERROR;
				CLANG_WARN_UNREACHABLE_CODE = YES;
				CLANG_WARN__DUPLICATE_METHOD_MATCH = YES;
				"CODE_SIGN_IDENTITY[sdk=iphoneos*]" = "iPhone Developer";
				COPY_PHASE_STRIP = NO;
				ENABLE_STRICT_OBJC_MSGSEND = YES;
				GCC_C_LANGUAGE_STANDARD = gnu99;
				GCC_DYNAMIC_NO_PIC = NO;
				GCC_OPTIMIZATION_LEVEL = 0;
				GCC_PREPROCESSOR_DEFINITIONS = (
					"DEBUG=1",
					"$(inherited)",
				);
				GCC_SYMBOLS_PRIVATE_EXTERN = NO;
				GCC_WARN_64_TO_32_BIT_CONVERSION = YES;
				GCC_WARN_ABOUT_RETURN_TYPE = YES_ERROR;
				GCC_WARN_UNDECLARED_SELECTOR = YES;
				GCC_WARN_UNINITIALIZED_AUTOS = YES_AGGRESSIVE;
				GCC_WARN_UNUSED_FUNCTION = YES;
				GCC_WARN_UNUSED_VARIABLE = YES;
				IPHONEOS_DEPLOYMENT_TARGET = 8.0;
				MTL_ENABLE_DEBUG_INFO = YES;
				ONLY_ACTIVE_ARCH = YES;
				SDKROOT = iphoneos;
				SWIFT_OPTIMIZATION_LEVEL = "-Onone";
			};
			name = Debug;
		};
		60C55AAB19F79C84006C1D7A /* Release */ = {
			isa = XCBuildConfiguration;
			buildSettings = {
				ALWAYS_SEARCH_USER_PATHS = NO;
				CLANG_CXX_LANGUAGE_STANDARD = "gnu++0x";
				CLANG_CXX_LIBRARY = "libc++";
				CLANG_ENABLE_MODULES = YES;
				CLANG_ENABLE_OBJC_ARC = YES;
				CLANG_WARN_BOOL_CONVERSION = YES;
				CLANG_WARN_CONSTANT_CONVERSION = YES;
				CLANG_WARN_DIRECT_OBJC_ISA_USAGE = YES_ERROR;
				CLANG_WARN_EMPTY_BODY = YES;
				CLANG_WARN_ENUM_CONVERSION = YES;
				CLANG_WARN_INT_CONVERSION = YES;
				CLANG_WARN_OBJC_ROOT_CLASS = YES_ERROR;
				CLANG_WARN_UNREACHABLE_CODE = YES;
				CLANG_WARN__DUPLICATE_METHOD_MATCH = YES;
				"CODE_SIGN_IDENTITY[sdk=iphoneos*]" = "iPhone Developer";
				COPY_PHASE_STRIP = YES;
				ENABLE_NS_ASSERTIONS = NO;
				ENABLE_STRICT_OBJC_MSGSEND = YES;
				GCC_C_LANGUAGE_STANDARD = gnu99;
				GCC_WARN_64_TO_32_BIT_CONVERSION = YES;
				GCC_WARN_ABOUT_RETURN_TYPE = YES_ERROR;
				GCC_WARN_UNDECLARED_SELECTOR = YES;
				GCC_WARN_UNINITIALIZED_AUTOS = YES_AGGRESSIVE;
				GCC_WARN_UNUSED_FUNCTION = YES;
				GCC_WARN_UNUSED_VARIABLE = YES;
				IPHONEOS_DEPLOYMENT_TARGET = 8.0;
				MTL_ENABLE_DEBUG_INFO = NO;
				SDKROOT = iphoneos;
				VALIDATE_PRODUCT = YES;
			};
			name = Release;
		};
		60C55AAD19F79C84006C1D7A /* Debug */ = {
			isa = XCBuildConfiguration;
			buildSettings = {
				ASSETCATALOG_COMPILER_APPICON_NAME = AppIcon;
				INFOPLIST_FILE = funcFacts/Info.plist;
				LD_RUNPATH_SEARCH_PATHS = "$(inherited) @executable_path/Frameworks";
				PRODUCT_NAME = "$(TARGET_NAME)";
			};
			name = Debug;
		};
		60C55AAE19F79C84006C1D7A /* Release */ = {
			isa = XCBuildConfiguration;
			buildSettings = {
				ASSETCATALOG_COMPILER_APPICON_NAME = AppIcon;
				INFOPLIST_FILE = funcFacts/Info.plist;
				LD_RUNPATH_SEARCH_PATHS = "$(inherited) @executable_path/Frameworks";
				PRODUCT_NAME = "$(TARGET_NAME)";
			};
			name = Release;
		};
		60C55AB019F79C84006C1D7A /* Debug */ = {
			isa = XCBuildConfiguration;
			buildSettings = {
				BUNDLE_LOADER = "$(TEST_HOST)";
				FRAMEWORK_SEARCH_PATHS = (
					"$(SDKROOT)/Developer/Library/Frameworks",
					"$(inherited)",
				);
				GCC_PREPROCESSOR_DEFINITIONS = (
					"DEBUG=1",
					"$(inherited)",
				);
				INFOPLIST_FILE = funcFactsTests/Info.plist;
				LD_RUNPATH_SEARCH_PATHS = "$(inherited) @executable_path/Frameworks @loader_path/Frameworks";
				PRODUCT_NAME = "$(TARGET_NAME)";
				TEST_HOST = "$(BUILT_PRODUCTS_DIR)/funcFacts.app/funcFacts";
			};
			name = Debug;
		};
		60C55AB119F79C84006C1D7A /* Release */ = {
			isa = XCBuildConfiguration;
			buildSettings = {
				BUNDLE_LOADER = "$(TEST_HOST)";
				FRAMEWORK_SEARCH_PATHS = (
					"$(SDKROOT)/Developer/Library/Frameworks",
					"$(inherited)",
				);
				INFOPLIST_FILE = funcFactsTests/Info.plist;
				LD_RUNPATH_SEARCH_PATHS = "$(inherited) @executable_path/Frameworks @loader_path/Frameworks";
				PRODUCT_NAME = "$(TARGET_NAME)";
				TEST_HOST = "$(BUILT_PRODUCTS_DIR)/funcFacts.app/funcFacts";
			};
			name = Release;
		};
/* End XCBuildConfiguration section */

/* Begin XCConfigurationList section */
		60C55A8819F79C84006C1D7A /* Build configuration list for PBXProject "funcFacts" */ = {
			isa = XCConfigurationList;
			buildConfigurations = (
				60C55AAA19F79C84006C1D7A /* Debug */,
				60C55AAB19F79C84006C1D7A /* Release */,
			);
			defaultConfigurationIsVisible = 0;
			defaultConfigurationName = Release;
		};
		60C55AAC19F79C84006C1D7A /* Build configuration list for PBXNativeTarget "funcFacts" */ = {
			isa = XCConfigurationList;
			buildConfigurations = (
				60C55AAD19F79C84006C1D7A /* Debug */,
				60C55AAE19F79C84006C1D7A /* Release */,
			);
			defaultConfigurationIsVisible = 0;
			defaultConfigurationName = Release;
		};
		60C55AAF19F79C84006C1D7A /* Build configuration list for PBXNativeTarget "funcFactsTests" */ = {
			isa = XCConfigurationList;
			buildConfigurations = (
				60C55AB019F79C84006C1D7A /* Debug */,
				60C55AB119F79C84006C1D7A /* Release */,
			);
			defaultConfigurationIsVisible = 0;
			defaultConfigurationName = Release;
		};
/* End XCConfigurationList section */
	};
	rootObject = 60C55A8519F79C84006C1D7A /* Project object */;
}
